
Microsoft Visual Studio Solution File, Format Version 12.00
# Visual Studio Version 17
VisualStudioVersion = 17.0.32014.148
MinimumVisualStudioVersion = 10.0.40219.1
Project("{FAE04EC0-301F-11D3-BF4B-00C04F79EFBC}") = "BestApp", "BestApp\BestApp.csproj", "{3FE7D3AC-987B-450A-BFD2-4DC9B2D4DAE9}"
EndProject
Global
	GlobalSection(SolutionConfigurationPlatforms) = preSolution
		Debug|Any CPU = Debug|Any CPU
		Release|Any CPU = Release|Any CPU
	EndGlobalSection
	GlobalSection(ProjectConfigurationPlatforms) = postSolution
		{3FE7D3AC-987B-450A-BFD2-4DC9B2D4DAE9}.Debug|Any CPU.ActiveCfg = Debug|Any CPU
		{3FE7D3AC-987B-450A-BFD2-4DC9B2D4DAE9}.Debug|Any CPU.Build.0 = Debug|Any CPU
		{3FE7D3AC-987B-450A-BFD2-4DC9B2D4DAE9}.Release|Any CPU.ActiveCfg = Release|Any CPU
		{3FE7D3AC-987B-450A-BFD2-4DC9B2D4DAE9}.Release|Any CPU.Build.0 = Release|Any CPU
	EndGlobalSection
	GlobalSection(SolutionProperties) = preSolution
		HideSolutionNode = FALSE
	EndGlobalSection
	GlobalSection(ExtensibilityGlobals) = postSolution
		SolutionGuid = {624CF701-3198-46AE-8556-35E52F0AD272}
	EndGlobalSection
EndGlobal
